PODS:
  - Charts (3.6.0):
    - Charts/Core (= 3.6.0)
  - Charts/Core (3.6.0)
  - Eureka (5.3.0)
  - ShareClient (1.2)

DEPENDENCIES:
  - Charts
  - Eureka (from `https://github.com/xmartlabs/Eureka.git`)
  - ShareClient (from `https://github.com/jonfawcett/dexcom-share-client-swift.git`, branch `master`)

SPEC REPOS:
  trunk:
    - Charts

EXTERNAL SOURCES:
  Eureka:
    :git: https://github.com/xmartlabs/Eureka.git
  ShareClient:
    :branch: master
    :git: https://github.com/jonfawcett/dexcom-share-client-swift.git

CHECKOUT OPTIONS:
  Eureka:
    :commit: e1bb4d668cb5b2280133709f47119eb34c2b65df
    :git: https://github.com/xmartlabs/Eureka.git
  ShareClient:
    :commit: bcc9cf9ab35b9a6d3b198507cb057f58b5df1ff0
    :git: https://github.com/jonfawcett/dexcom-share-client-swift.git

SPEC CHECKSUMS:
  Charts: b1e3a1f5a1c9ba5394438ca3b91bd8c9076310af
  Eureka: 49239596c9d2eed9ab523990c34de62b6feac9f0
  ShareClient: 8d60bcd3fd106ca42c6e71e8bcae24deb173fb9e

PODFILE CHECKSUM: 084f5ab2f55c59ed2c2fa3cdaaa9590c99a95408

COCOAPODS: 1.9.3
