PODS:
  - ShareClient (1.2)

DEPENDENCIES:
  - ShareClient (from `https://github.com/loopandlearn/dexcom-share-client-swift.git`, branch `loopfollow`)

EXTERNAL SOURCES:
  ShareClient:
    :branch: loopfollow
    :git: https://github.com/loopandlearn/dexcom-share-client-swift.git

CHECKOUT OPTIONS:
  ShareClient:
    :commit: d7a3323a014d41827ee177a92d528786f9f09e75
    :git: https://github.com/loopandlearn/dexcom-share-client-swift.git

SPEC CHECKSUMS:
  ShareClient: 60b911c95e73b0ea9c5aad6d194a9c6b5f34b741

PODFILE CHECKSUM: 617b13cfc623f15ca31e14e19086cb729b408fd7

COCOAPODS: 1.16.2
