// !$*UTF8*$!
{
	archiveVersion = 1;
	classes = {
	};
	objectVersion = 70;
	objects = {

/* Begin PBXBuildFile section */
		37A4BDDB2F5B6B4A00EEB289 /* WidgetKit.framework in Frameworks */ = {isa = PBXBuildFile; fileRef = 37A4BDDA2F5B6B4A00EEB289 /* WidgetKit.framework */; };
		37A4BDDD2F5B6B4A00EEB289 /* SwiftUI.framework in Frameworks */ = {isa = PBXBuildFile; fileRef = 37A4BDDC2F5B6B4A00EEB289 /* SwiftUI.framework */; };
		37A4BDE82F5B6B4C00EEB289 /* LoopFollowLAExtensionExtension.appex in Embed Foundation Extensions */ = {isa = PBXBuildFile; fileRef = 37A4BDD92F5B6B4A00EEB289 /* LoopFollowLAExtensionExtension.appex */; platformFilter = ios; settings = {ATTRIBUTES = (RemoveHeadersOnCopy, ); }; };
		3F1335F351590E573D8E6962 /* Pods_LoopFollow.framework in Frameworks */ = {isa = PBXBuildFile; fileRef = A7D55B42A22051DAD69E89D0 /* Pods_LoopFollow.framework */; };
		DD50C10A2F60A00000000001 /* SocketIO in Frameworks */ = {isa = PBXBuildFile; productRef = DD50C10A2F60A00000000003 /* SocketIO */; };
		DDB0AF552BB1B24A00AFA48B /* BuildDetails.plist in Resources */ = {isa = PBXBuildFile; fileRef = DDB0AF542BB1B24A00AFA48B /* BuildDetails.plist */; };
		DDCFCAF22B17273200BE5751 /* LoopFollowDisplayNameConfig.xcconfig in Resources */ = {isa = PBXBuildFile; fileRef = DDCFCAF12B17273200BE5751 /* LoopFollowDisplayNameConfig.xcconfig */; };
		DDF2C0142BEFD468007A20E6 /* blacklisted-versions.json in Resources */ = {isa = PBXBuildFile; fileRef = DDF2C0132BEFD468007A20E6 /* blacklisted-versions.json */; };
		FC5A5C3D2497B229009C550E /* Config.xcconfig in Resources */ = {isa = PBXBuildFile; fileRef = FC5A5C3C2497B229009C550E /* Config.xcconfig */; };
		FCFEEC9E2486E68E00402A7F /* WebKit.framework in Frameworks */ = {isa = PBXBuildFile; fileRef = FCFEEC9D2486E68E00402A7F /* WebKit.framework */; };
/* End PBXBuildFile section */

/* Begin PBXContainerItemProxy section */
		37A4BDE62F5B6B4C00EEB289 /* PBXContainerItemProxy */ = {
			isa = PBXContainerItemProxy;
			containerPortal = FC97880C2485969B00A7906C /* Project object */;
			proxyType = 1;
			remoteGlobalIDString = 37A4BDD82F5B6B4A00EEB289;
			remoteInfo = LoopFollowLAExtensionExtension;
		};
		DDCC3ADA2DDE1790006F1C10 /* PBXContainerItemProxy */ = {
			isa = PBXContainerItemProxy;
			containerPortal = FC97880C2485969B00A7906C /* Project object */;
			proxyType = 1;
			remoteGlobalIDString = FC9788132485969B00A7906C;
			remoteInfo = LoopFollow;
		};
/* End PBXContainerItemProxy section */

/* Begin PBXCopyFilesBuildPhase section */
		37A4BDED2F5B6B4C00EEB289 /* Embed Foundation Extensions */ = {
			isa = PBXCopyFilesBuildPhase;
			buildActionMask = 2147483647;
			dstPath = "";
			dstSubfolderSpec = 13;
			files = (
				37A4BDE82F5B6B4C00EEB289 /* LoopFollowLAExtensionExtension.appex in Embed Foundation Extensions */,
			);
			name = "Embed Foundation Extensions";
			runOnlyForDeploymentPostprocessing = 0;
		};
/* End PBXCopyFilesBuildPhase section */

/* Begin PBXFileReference section */
		059B0FA59AABFE72FE13DDDA /* Pods-LoopFollow.release.xcconfig */ = {isa = PBXFileReference; includeInIndex = 1; lastKnownFileType = text.xcconfig; name = "Pods-LoopFollow.release.xcconfig"; path = "Target Support Files/Pods-LoopFollow/Pods-LoopFollow.release.xcconfig"; sourceTree = "<group>"; };
		374DAACA2F5B924B00BB663B /* LoopFollowLAExtensionExtension.entitlements */ = {isa = PBXFileReference; lastKnownFileType = text.plist.entitlements; path = LoopFollowLAExtensionExtension.entitlements; sourceTree = "<group>"; };
		37A4BDD92F5B6B4A00EEB289 /* LoopFollowLAExtensionExtension.appex */ = {isa = PBXFileReference; explicitFileType = "wrapper.app-extension"; includeInIndex = 0; path = LoopFollowLAExtensionExtension.appex; sourceTree = BUILT_PRODUCTS_DIR; };
		37A4BDDA2F5B6B4A00EEB289 /* WidgetKit.framework */ = {isa = PBXFileReference; lastKnownFileType = wrapper.framework; name = WidgetKit.framework; path = /System/Library/Frameworks/WidgetKit.framework; sourceTree = "<absolute>"; };
		37A4BDDC2F5B6B4A00EEB289 /* SwiftUI.framework */ = {isa = PBXFileReference; lastKnownFileType = wrapper.framework; name = SwiftUI.framework; path = /System/Library/Frameworks/SwiftUI.framework; sourceTree = "<absolute>"; };
		A7D55B42A22051DAD69E89D0 /* Pods_LoopFollow.framework */ = {isa = PBXFileReference; explicitFileType = wrapper.framework; includeInIndex = 0; path = Pods_LoopFollow.framework; sourceTree = BUILT_PRODUCTS_DIR; };
		DDB0AF502BB1A84500AFA48B /* capture-build-details.sh */ = {isa = PBXFileReference; lastKnownFileType = text.script.sh; path = "capture-build-details.sh"; sourceTree = "<group>"; };
		DDB0AF542BB1B24A00AFA48B /* BuildDetails.plist */ = {isa = PBXFileReference; lastKnownFileType = text.plist.xml; path = BuildDetails.plist; sourceTree = "<group>"; };
		DDCC3ABF2DDE10B0006F1C10 /* Testing.framework */ = {isa = PBXFileReference; lastKnownFileType = wrapper.framework; name = Testing.framework; path = Platforms/iPhoneOS.platform/Developer/Library/Frameworks/Testing.framework; sourceTree = DEVELOPER_DIR; };
		DDCC3AD62DDE1790006F1C10 /* Tests.xctest */ = {isa = PBXFileReference; explicitFileType = wrapper.cfbundle; includeInIndex = 0; path = Tests.xctest; sourceTree = BUILT_PRODUCTS_DIR; };
		DDCFCAF12B17273200BE5751 /* LoopFollowDisplayNameConfig.xcconfig */ = {isa = PBXFileReference; fileEncoding = 4; lastKnownFileType = text.xcconfig; path = LoopFollowDisplayNameConfig.xcconfig; sourceTree = "<group>"; };
		DDF2C0132BEFD468007A20E6 /* blacklisted-versions.json */ = {isa = PBXFileReference; lastKnownFileType = text.json; path = "blacklisted-versions.json"; sourceTree = "<group>"; };
		ECA3EFB4037410B4973BB632 /* Pods-LoopFollow.debug.xcconfig */ = {isa = PBXFileReference; includeInIndex = 1; lastKnownFileType = text.xcconfig; name = "Pods-LoopFollow.debug.xcconfig"; path = "Target Support Files/Pods-LoopFollow/Pods-LoopFollow.debug.xcconfig"; sourceTree = "<group>"; };
		FC5A5C3C2497B229009C550E /* Config.xcconfig */ = {isa = PBXFileReference; fileEncoding = 4; lastKnownFileType = text.xcconfig; path = Config.xcconfig; sourceTree = "<group>"; };
		FC9788142485969B00A7906C /* Loop Follow.app */ = {isa = PBXFileReference; explicitFileType = wrapper.application; includeInIndex = 0; path = "Loop Follow.app"; sourceTree = BUILT_PRODUCTS_DIR; };
		FCE537C2249AAB2600F80BF8 /* NotificationCenter.framework */ = {isa = PBXFileReference; lastKnownFileType = wrapper.framework; name = NotificationCenter.framework; path = System/Library/Frameworks/NotificationCenter.framework; sourceTree = SDKROOT; };
		FCFEEC9D2486E68E00402A7F /* WebKit.framework */ = {isa = PBXFileReference; lastKnownFileType = wrapper.framework; name = WebKit.framework; path = System/Library/Frameworks/WebKit.framework; sourceTree = SDKROOT; };
/* End PBXFileReference section */

/* Begin PBXFileSystemSynchronizedBuildFileExceptionSet section */
		D736FE5E8494B2581A4EA95F /* Exceptions for "LoopFollow" folder in "LoopFollow" target */ = {
			isa = PBXFileSystemSynchronizedBuildFileExceptionSet;
			membershipExceptions = (
				Info.plist,
			);
			target = FC9788132485969B00A7906C /* LoopFollow */;
		};
/* End PBXFileSystemSynchronizedBuildFileExceptionSet section */

/* Begin PBXFileSystemSynchronizedRootGroup section */
		37A4BDDE2F5B6B4A00EEB289 /* LoopFollowLAExtension */ = {
			isa = PBXFileSystemSynchronizedRootGroup;
			exceptions = (
			);
			explicitFileTypes = {
			};
			explicitFolders = (
			);
			path = LoopFollowLAExtension;
			sourceTree = "<group>";
		};
		9555FE45F7FAEFA6142D04CA /* LoopFollow */ = {
			isa = PBXFileSystemSynchronizedRootGroup;
			exceptions = (
				D736FE5E8494B2581A4EA95F /* Exceptions for "LoopFollow" folder in "LoopFollow" target */,
			);
			path = LoopFollow;
			sourceTree = "<group>";
		};
		BC0FBFD3754955D028EF6631 /* Shared */ = {
			isa = PBXFileSystemSynchronizedRootGroup;
			exceptions = (
			);
			path = Shared;
			sourceTree = "<group>";
		};
		DDCC3AD72DDE1790006F1C10 /* Tests */ = {
			isa = PBXFileSystemSynchronizedRootGroup;
			exceptions = (
			);
			explicitFileTypes = {
			};
			explicitFolders = (
			);
			path = Tests;
			sourceTree = "<group>";
		};
/* End PBXFileSystemSynchronizedRootGroup section */

/* Begin PBXFrameworksBuildPhase section */
		37A4BDD62F5B6B4A00EEB289 /* Frameworks */ = {
			isa = PBXFrameworksBuildPhase;
			buildActionMask = 2147483647;
			files = (
				37A4BDDD2F5B6B4A00EEB289 /* SwiftUI.framework in Frameworks */,
				37A4BDDB2F5B6B4A00EEB289 /* WidgetKit.framework in Frameworks */,
			);
			runOnlyForDeploymentPostprocessing = 0;
		};
		DDCC3AD32DDE1790006F1C10 /* Frameworks */ = {
			isa = PBXFrameworksBuildPhase;
			buildActionMask = 2147483647;
			files = (
			);
			runOnlyForDeploymentPostprocessing = 0;
		};
		FC9788112485969B00A7906C /* Frameworks */ = {
			isa = PBXFrameworksBuildPhase;
			buildActionMask = 2147483647;
			files = (
				DD50C10A2F60A00000000001 /* SocketIO in Frameworks */,
				FCFEEC9E2486E68E00402A7F /* WebKit.framework in Frameworks */,
				3F1335F351590E573D8E6962 /* Pods_LoopFollow.framework in Frameworks */,
			);
			runOnlyForDeploymentPostprocessing = 0;
		};
/* End PBXFrameworksBuildPhase section */

/* Begin PBXGroup section */
		6A5880E0B811AF443B05AB02 /* Frameworks */ = {
			isa = PBXGroup;
			children = (
				DDCC3ABF2DDE10B0006F1C10 /* Testing.framework */,
				FCFEEC9D2486E68E00402A7F /* WebKit.framework */,
				A7D55B42A22051DAD69E89D0 /* Pods_LoopFollow.framework */,
				FCE537C2249AAB2600F80BF8 /* NotificationCenter.framework */,
				37A4BDDA2F5B6B4A00EEB289 /* WidgetKit.framework */,
				37A4BDDC2F5B6B4A00EEB289 /* SwiftUI.framework */,
			);
			name = Frameworks;
			sourceTree = "<group>";
		};
		8E32230C453C93FDCE59C2B9 /* Pods */ = {
			isa = PBXGroup;
			children = (
				ECA3EFB4037410B4973BB632 /* Pods-LoopFollow.debug.xcconfig */,
				059B0FA59AABFE72FE13DDDA /* Pods-LoopFollow.release.xcconfig */,
			);
			path = Pods;
			sourceTree = "<group>";
		};
		DDB0AF4F2BB1A81F00AFA48B /* Scripts */ = {
			isa = PBXGroup;
			children = (
				DDB0AF502BB1A84500AFA48B /* capture-build-details.sh */,
			);
			path = Scripts;
			sourceTree = "<group>";
		};
		FC97880B2485969B00A7906C = {
			isa = PBXGroup;
			children = (
				374DAACA2F5B924B00BB663B /* LoopFollowLAExtensionExtension.entitlements */,
				DDF2C0132BEFD468007A20E6 /* blacklisted-versions.json */,
				DDB0AF542BB1B24A00AFA48B /* BuildDetails.plist */,
				DDB0AF4F2BB1A81F00AFA48B /* Scripts */,
				DDCFCAF12B17273200BE5751 /* LoopFollowDisplayNameConfig.xcconfig */,
				FC5A5C3C2497B229009C550E /* Config.xcconfig */,
				DDCC3AD72DDE1790006F1C10 /* Tests */,
				37A4BDDE2F5B6B4A00EEB289 /* LoopFollowLAExtension */,
				FC9788152485969B00A7906C /* Products */,
				8E32230C453C93FDCE59C2B9 /* Pods */,
				6A5880E0B811AF443B05AB02 /* Frameworks */,
				9555FE45F7FAEFA6142D04CA /* LoopFollow */,
				BC0FBFD3754955D028EF6631 /* Shared */,
			);
			sourceTree = "<group>";
		};
		FC9788152485969B00A7906C /* Products */ = {
			isa = PBXGroup;
			children = (
				FC9788142485969B00A7906C /* Loop Follow.app */,
				DDCC3AD62DDE1790006F1C10 /* Tests.xctest */,
				37A4BDD92F5B6B4A00EEB289 /* LoopFollowLAExtensionExtension.appex */,
			);
			name = Products;
			sourceTree = "<group>";
		};
/* End PBXGroup section */

/* Begin PBXNativeTarget section */
		37A4BDD82F5B6B4A00EEB289 /* LoopFollowLAExtensionExtension */ = {
			isa = PBXNativeTarget;
			buildConfigurationList = 37A4BDEA2F5B6B4C00EEB289 /* Build configuration list for PBXNativeTarget "LoopFollowLAExtensionExtension" */;
			buildPhases = (
				37A4BDD52F5B6B4A00EEB289 /* Sources */,
				37A4BDD62F5B6B4A00EEB289 /* Frameworks */,
				37A4BDD72F5B6B4A00EEB289 /* Resources */,
			);
			buildRules = (
			);
			dependencies = (
			);
			fileSystemSynchronizedGroups = (
				37A4BDDE2F5B6B4A00EEB289 /* LoopFollowLAExtension */,
				BC0FBFD3754955D028EF6631 /* Shared */,
			);
			name = LoopFollowLAExtensionExtension;
			productName = LoopFollowLAExtensionExtension;
			productReference = 37A4BDD92F5B6B4A00EEB289 /* LoopFollowLAExtensionExtension.appex */;
			productType = "com.apple.product-type.app-extension";
		};
		DDCC3AD52DDE1790006F1C10 /* Tests */ = {
			isa = PBXNativeTarget;
			buildConfigurationList = DDCC3ADC2DDE1790006F1C10 /* Build configuration list for PBXNativeTarget "Tests" */;
			buildPhases = (
				DDCC3AD22DDE1790006F1C10 /* Sources */,
				DDCC3AD32DDE1790006F1C10 /* Frameworks */,
				DDCC3AD42DDE1790006F1C10 /* Resources */,
			);
			buildRules = (
			);
			dependencies = (
				DDCC3ADB2DDE1790006F1C10 /* PBXTargetDependency */,
			);
			fileSystemSynchronizedGroups = (
				DDCC3AD72DDE1790006F1C10 /* Tests */,
			);
			name = Tests;
			productName = Tests;
			productReference = DDCC3AD62DDE1790006F1C10 /* Tests.xctest */;
			productType = "com.apple.product-type.bundle.unit-test";
		};
		FC9788132485969B00A7906C /* LoopFollow */ = {
			isa = PBXNativeTarget;
			buildConfigurationList = FC97882D2485969C00A7906C /* Build configuration list for PBXNativeTarget "LoopFollow" */;
			buildPhases = (
				DD7F4BEA2DD48B9600D449E9 /* Swiftformat */,
				B038D39450A1F9A97D2B8BA4 /* [CP] Check Pods Manifest.lock */,
				FC9788102485969B00A7906C /* Sources */,
				FC9788112485969B00A7906C /* Frameworks */,
				FC9788122485969B00A7906C /* Resources */,
				04DA71CCA0280FA5FA2DF7A6 /* [CP] Embed Pods Frameworks */,
				DDB0AF532BB1AA0900AFA48B /* Capture Build Details */,
				37A4BDED2F5B6B4C00EEB289 /* Embed Foundation Extensions */,
			);
			buildRules = (
			);
			dependencies = (
				37A4BDE72F5B6B4C00EEB289 /* PBXTargetDependency */,
			);
			fileSystemSynchronizedGroups = (
				9555FE45F7FAEFA6142D04CA /* LoopFollow */,
				BC0FBFD3754955D028EF6631 /* Shared */,
			);
			name = LoopFollow;
			packageProductDependencies = (
				DD50C10A2F60A00000000003 /* SocketIO */,
			);
			productName = LoopFollow;
			productReference = FC9788142485969B00A7906C /* Loop Follow.app */;
			productType = "com.apple.product-type.application";
		};
/* End PBXNativeTarget section */

/* Begin PBXProject section */
		FC97880C2485969B00A7906C /* Project object */ = {
			isa = PBXProject;
			attributes = {
				LastSwiftUpdateCheck = 2620;
				LastUpgradeCheck = 1140;
				ORGANIZATIONNAME = "Jon Fawcett";
				TargetAttributes = {
					37A4BDD82F5B6B4A00EEB289 = {
						CreatedOnToolsVersion = 26.2;
					};
					DDCC3AD52DDE1790006F1C10 = {
						CreatedOnToolsVersion = 16.3;
						TestTargetID = FC9788132485969B00A7906C;
					};
					FC9788132485969B00A7906C = {
						CreatedOnToolsVersion = 11.4.1;
					};
				};
			};
			buildConfigurationList = FC97880F2485969B00A7906C /* Build configuration list for PBXProject "LoopFollow" */;
			compatibilityVersion = "Xcode 9.3";
			developmentRegion = en;
			hasScannedForEncodings = 0;
			knownRegions = (
				en,
				Base,
			);
			mainGroup = FC97880B2485969B00A7906C;
			packageReferences = (
				DD50C10A2F60A00000000002 /* XCRemoteSwiftPackageReference "socket.io-client-swift" */,
			);
			productRefGroup = FC9788152485969B00A7906C /* Products */;
			projectDirPath = "";
			projectRoot = "";
			targets = (
				FC9788132485969B00A7906C /* LoopFollow */,
				DDCC3AD52DDE1790006F1C10 /* Tests */,
				37A4BDD82F5B6B4A00EEB289 /* LoopFollowLAExtensionExtension */,
			);
		};
/* End PBXProject section */

/* Begin PBXResourcesBuildPhase section */
		37A4BDD72F5B6B4A00EEB289 /* Resources */ = {
			isa = PBXResourcesBuildPhase;
			buildActionMask = 2147483647;
			files = (
			);
			runOnlyForDeploymentPostprocessing = 0;
		};
		DDCC3AD42DDE1790006F1C10 /* Resources */ = {
			isa = PBXResourcesBuildPhase;
			buildActionMask = 2147483647;
			files = (
			);
			runOnlyForDeploymentPostprocessing = 0;
		};
		FC9788122485969B00A7906C /* Resources */ = {
			isa = PBXResourcesBuildPhase;
			buildActionMask = 2147483647;
			files = (
				DDB0AF552BB1B24A00AFA48B /* BuildDetails.plist in Resources */,
				DDF2C0142BEFD468007A20E6 /* blacklisted-versions.json in Resources */,
				FC5A5C3D2497B229009C550E /* Config.xcconfig in Resources */,
				DDCFCAF22B17273200BE5751 /* LoopFollowDisplayNameConfig.xcconfig in Resources */,
			);
			runOnlyForDeploymentPostprocessing = 0;
		};
/* End PBXResourcesBuildPhase section */

/* Begin PBXShellScriptBuildPhase section */
		04DA71CCA0280FA5FA2DF7A6 /* [CP] Embed Pods Frameworks */ = {
			isa = PBXShellScriptBuildPhase;
			buildActionMask = 2147483647;
			files = (
			);
			inputFileListPaths = (
				"${PODS_ROOT}/Target Support Files/Pods-LoopFollow/Pods-LoopFollow-frameworks-${CONFIGURATION}-input-files.xcfilelist",
			);
			inputPaths = (
			);
			name = "[CP] Embed Pods Frameworks";
			outputFileListPaths = (
				"${PODS_ROOT}/Target Support Files/Pods-LoopFollow/Pods-LoopFollow-frameworks-${CONFIGURATION}-output-files.xcfilelist",
			);
			outputPaths = (
			);
			runOnlyForDeploymentPostprocessing = 0;
			shellPath = /bin/sh;
			shellScript = "\"${PODS_ROOT}/Target Support Files/Pods-LoopFollow/Pods-LoopFollow-frameworks.sh\"\n";
			showEnvVarsInLog = 0;
		};
		B038D39450A1F9A97D2B8BA4 /* [CP] Check Pods Manifest.lock */ = {
			isa = PBXShellScriptBuildPhase;
			buildActionMask = 2147483647;
			files = (
			);
			inputFileListPaths = (
			);
			inputPaths = (
				"${PODS_PODFILE_DIR_PATH}/Podfile.lock",
				"${PODS_ROOT}/Manifest.lock",
			);
			name = "[CP] Check Pods Manifest.lock";
			outputFileListPaths = (
			);
			outputPaths = (
				"$(DERIVED_FILE_DIR)/Pods-LoopFollow-checkManifestLockResult.txt",
			);
			runOnlyForDeploymentPostprocessing = 0;
			shellPath = /bin/sh;
			shellScript = "diff \"${PODS_PODFILE_DIR_PATH}/Podfile.lock\" \"${PODS_ROOT}/Manifest.lock\" > /dev/null\nif [ $? != 0 ] ; then\n    # print error to STDERR\n    echo \"error: The sandbox is not in sync with the Podfile.lock. Run 'pod install' or update your CocoaPods installation.\" >&2\n    exit 1\nfi\n# This output is used by Xcode 'outputs' to avoid re-running this script phase.\necho \"SUCCESS\" > \"${SCRIPT_OUTPUT_FILE_0}\"\n";
			showEnvVarsInLog = 0;
		};
		DD7F4BEA2DD48B9600D449E9 /* Swiftformat */ = {
			isa = PBXShellScriptBuildPhase;
			alwaysOutOfDate = 1;
			buildActionMask = 2147483647;
			files = (
			);
			inputFileListPaths = (
			);
			inputPaths = (
			);
			name = Swiftformat;
			outputFileListPaths = (
			);
			outputPaths = (
			);
			runOnlyForDeploymentPostprocessing = 0;
			shellPath = /bin/sh;
			shellScript = "source \"${SRCROOT}\"/Scripts/swiftformat.sh\n";
		};
		DDB0AF532BB1AA0900AFA48B /* Capture Build Details */ = {
			isa = PBXShellScriptBuildPhase;
			buildActionMask = 2147483647;
			files = (
			);
			inputFileListPaths = (
			);
			inputPaths = (
			);
			name = "Capture Build Details";
			outputFileListPaths = (
			);
			outputPaths = (
			);
			runOnlyForDeploymentPostprocessing = 0;
			shellPath = /bin/sh;
			shellScript = "\"${SRCROOT}/Scripts/capture-build-details.sh\"\n";
		};
/* End PBXShellScriptBuildPhase section */

/* Begin PBXSourcesBuildPhase section */
		37A4BDD52F5B6B4A00EEB289 /* Sources */ = {
			isa = PBXSourcesBuildPhase;
			buildActionMask = 2147483647;
			files = (
			);
			runOnlyForDeploymentPostprocessing = 0;
		};
		DDCC3AD22DDE1790006F1C10 /* Sources */ = {
			isa = PBXSourcesBuildPhase;
			buildActionMask = 2147483647;
			files = (
			);
			runOnlyForDeploymentPostprocessing = 0;
		};
		FC9788102485969B00A7906C /* Sources */ = {
			isa = PBXSourcesBuildPhase;
			buildActionMask = 2147483647;
			files = (
			);
			runOnlyForDeploymentPostprocessing = 0;
		};
/* End PBXSourcesBuildPhase section */

/* Begin PBXTargetDependency section */
		37A4BDE72F5B6B4C00EEB289 /* PBXTargetDependency */ = {
			isa = PBXTargetDependency;
			platformFilter = ios;
			target = 37A4BDD82F5B6B4A00EEB289 /* LoopFollowLAExtensionExtension */;
			targetProxy = 37A4BDE62F5B6B4C00EEB289 /* PBXContainerItemProxy */;
		};
		DDCC3ADB2DDE1790006F1C10 /* PBXTargetDependency */ = {
			isa = PBXTargetDependency;
			target = FC9788132485969B00A7906C /* LoopFollow */;
			targetProxy = DDCC3ADA2DDE1790006F1C10 /* PBXContainerItemProxy */;
		};
/* End PBXTargetDependency section */

/* Begin XCBuildConfiguration section */
		37A4BDEB2F5B6B4C00EEB289 /* Debug */ = {
			isa = XCBuildConfiguration;
			buildSettings = {
				ASSETCATALOG_COMPILER_GENERATE_SWIFT_ASSET_SYMBOL_EXTENSIONS = YES;
				ASSETCATALOG_COMPILER_GLOBAL_ACCENT_COLOR_NAME = AccentColor;
				ASSETCATALOG_COMPILER_WIDGET_BACKGROUND_COLOR_NAME = WidgetBackground;
				CLANG_CXX_LANGUAGE_STANDARD = "gnu++20";
				CLANG_WARN_QUOTED_INCLUDE_IN_FRAMEWORK_HEADER = YES;
				CODE_SIGN_ENTITLEMENTS = LoopFollowLAExtensionExtension.entitlements;
				CODE_SIGN_STYLE = Automatic;
				CURRENT_PROJECT_VERSION = 1;
				DEVELOPMENT_TEAM = "$(LF_DEVELOPMENT_TEAM)";
				ENABLE_APP_SANDBOX = NO;
				ENABLE_HARDENED_RUNTIME = NO;
				ENABLE_USER_SCRIPT_SANDBOXING = YES;
				GCC_C_LANGUAGE_STANDARD = gnu17;
				GENERATE_INFOPLIST_FILE = NO;
				INFOPLIST_FILE = LoopFollowLAExtension/ExtensionInfo.plist;
				INFOPLIST_KEY_CFBundleDisplayName = LoopFollowLAExtension;
				INFOPLIST_KEY_NSHumanReadableCopyright = "Copyright © 2026 Jon Fawcett. All rights reserved.";
				IPHONEOS_DEPLOYMENT_TARGET = 18.0;
				LD_RUNPATH_SEARCH_PATHS = (
					"$(inherited)",
					"@executable_path/Frameworks",
					"@executable_path/../../Frameworks",
				);
				"LD_RUNPATH_SEARCH_PATHS[sdk=macosx*]" = (
					"$(inherited)",
					"@executable_path/../Frameworks",
					"@executable_path/../../../../Frameworks",
				);
				LOCALIZATION_PREFERS_STRING_CATALOGS = YES;
				MACOSX_DEPLOYMENT_TARGET = 26.2;
				MARKETING_VERSION = "$(MARKETING_VERSION)";
				PRODUCT_BUNDLE_IDENTIFIER = "com.$(unique_id).LoopFollow$(app_suffix).LoopFollowLAExtension";
				PRODUCT_MODULE_NAME = LoopFollowLAExtension;
				PRODUCT_NAME = "$(TARGET_NAME)";
				SDKROOT = auto;
				SKIP_INSTALL = YES;
				STRING_CATALOG_GENERATE_SYMBOLS = YES;
				SUPPORTED_PLATFORMS = "iphoneos iphonesimulator";
				SUPPORTS_MACCATALYST = NO;
				SWIFT_ACTIVE_COMPILATION_CONDITIONS = "DEBUG $(inherited)";
				SWIFT_APPROACHABLE_CONCURRENCY = YES;
				SWIFT_EMIT_LOC_STRINGS = YES;
				SWIFT_UPCOMING_FEATURE_MEMBER_IMPORT_VISIBILITY = YES;
				SWIFT_VERSION = 5.0;
				TARGETED_DEVICE_FAMILY = "1,2";
				XROS_DEPLOYMENT_TARGET = 26.2;
			};
			name = Debug;
		};
		37A4BDEC2F5B6B4C00EEB289 /* Release */ = {
			isa = XCBuildConfiguration;
			buildSettings = {
				ASSETCATALOG_COMPILER_GENERATE_SWIFT_ASSET_SYMBOL_EXTENSIONS = YES;
				ASSETCATALOG_COMPILER_GLOBAL_ACCENT_COLOR_NAME = AccentColor;
				ASSETCATALOG_COMPILER_WIDGET_BACKGROUND_COLOR_NAME = WidgetBackground;
				CLANG_CXX_LANGUAGE_STANDARD = "gnu++20";
				CLANG_WARN_QUOTED_INCLUDE_IN_FRAMEWORK_HEADER = YES;
				CODE_SIGN_ENTITLEMENTS = LoopFollowLAExtensionExtension.entitlements;
				CODE_SIGN_STYLE = Automatic;
				CURRENT_PROJECT_VERSION = 1;
				DEVELOPMENT_TEAM = "$(LF_DEVELOPMENT_TEAM)";
				ENABLE_APP_SANDBOX = NO;
				ENABLE_HARDENED_RUNTIME = NO;
				ENABLE_USER_SCRIPT_SANDBOXING = YES;
				GCC_C_LANGUAGE_STANDARD = gnu17;
				GENERATE_INFOPLIST_FILE = NO;
				INFOPLIST_FILE = LoopFollowLAExtension/ExtensionInfo.plist;
				INFOPLIST_KEY_CFBundleDisplayName = LoopFollowLAExtension;
				INFOPLIST_KEY_NSHumanReadableCopyright = "Copyright © 2026 Jon Fawcett. All rights reserved.";
				IPHONEOS_DEPLOYMENT_TARGET = 18.0;
				LD_RUNPATH_SEARCH_PATHS = (
					"$(inherited)",
					"@executable_path/Frameworks",
					"@executable_path/../../Frameworks",
				);
				"LD_RUNPATH_SEARCH_PATHS[sdk=macosx*]" = (
					"$(inherited)",
					"@executable_path/../Frameworks",
					"@executable_path/../../../../Frameworks",
				);
				LOCALIZATION_PREFERS_STRING_CATALOGS = YES;
				MACOSX_DEPLOYMENT_TARGET = 26.2;
				MARKETING_VERSION = "$(MARKETING_VERSION)";
				PRODUCT_BUNDLE_IDENTIFIER = "com.$(unique_id).LoopFollow$(app_suffix).LoopFollowLAExtension";
				PRODUCT_MODULE_NAME = LoopFollowLAExtension;
				PRODUCT_NAME = "$(TARGET_NAME)";
				SDKROOT = auto;
				SKIP_INSTALL = YES;
				STRING_CATALOG_GENERATE_SYMBOLS = YES;
				SUPPORTED_PLATFORMS = "iphoneos iphonesimulator";
				SUPPORTS_MACCATALYST = NO;
				SWIFT_APPROACHABLE_CONCURRENCY = YES;
				SWIFT_EMIT_LOC_STRINGS = YES;
				SWIFT_UPCOMING_FEATURE_MEMBER_IMPORT_VISIBILITY = YES;
				SWIFT_VERSION = 5.0;
				TARGETED_DEVICE_FAMILY = "1,2";
				XROS_DEPLOYMENT_TARGET = 26.2;
			};
			name = Release;
		};
		DDCC3ADD2DDE1790006F1C10 /* Debug */ = {
			isa = XCBuildConfiguration;
			buildSettings = {
				ASSETCATALOG_COMPILER_GENERATE_SWIFT_ASSET_SYMBOL_EXTENSIONS = YES;
				BUNDLE_LOADER = "$(TEST_HOST)";
				CLANG_CXX_LANGUAGE_STANDARD = "gnu++20";
				CLANG_WARN_QUOTED_INCLUDE_IN_FRAMEWORK_HEADER = YES;
				CODE_SIGN_STYLE = Automatic;
				CURRENT_PROJECT_VERSION = 1;
				DEVELOPMENT_TEAM = "$(LF_DEVELOPMENT_TEAM)";
				ENABLE_USER_SCRIPT_SANDBOXING = YES;
				FRAMEWORK_SEARCH_PATHS = (
					"$(inherited)",
					"$(BUILT_PRODUCTS_DIR)/ShareClient",
				);
				GCC_C_LANGUAGE_STANDARD = gnu17;
				GENERATE_INFOPLIST_FILE = YES;
				IPHONEOS_DEPLOYMENT_TARGET = 18.4;
				LOCALIZATION_PREFERS_STRING_CATALOGS = YES;
				MARKETING_VERSION = 1.0;
				PRODUCT_BUNDLE_IDENTIFIER = "com.$(unique_id).LoopFollowTests$(app_suffix).Tests";
				PRODUCT_MODULE_NAME = Tests;
				PRODUCT_NAME = "$(TARGET_NAME)";
				SWIFT_ACTIVE_COMPILATION_CONDITIONS = "DEBUG $(inherited)";
				SWIFT_EMIT_LOC_STRINGS = NO;
				SWIFT_VERSION = 5.0;
				TARGETED_DEVICE_FAMILY = "1,2";
				TEST_HOST = "$(BUILT_PRODUCTS_DIR)/Loop Follow.app/$(BUNDLE_EXECUTABLE_FOLDER_PATH)/Loop Follow";
			};
			name = Debug;
		};
		DDCC3ADE2DDE1790006F1C10 /* Release */ = {
			isa = XCBuildConfiguration;
			buildSettings = {
				ASSETCATALOG_COMPILER_GENERATE_SWIFT_ASSET_SYMBOL_EXTENSIONS = YES;
				BUNDLE_LOADER = "$(TEST_HOST)";
				CLANG_CXX_LANGUAGE_STANDARD = "gnu++20";
				CLANG_WARN_QUOTED_INCLUDE_IN_FRAMEWORK_HEADER = YES;
				CODE_SIGN_STYLE = Automatic;
				CURRENT_PROJECT_VERSION = 1;
				DEVELOPMENT_TEAM = "$(LF_DEVELOPMENT_TEAM)";
				ENABLE_USER_SCRIPT_SANDBOXING = YES;
				FRAMEWORK_SEARCH_PATHS = (
					"$(inherited)",
					"$(BUILT_PRODUCTS_DIR)/ShareClient",
				);
				GCC_C_LANGUAGE_STANDARD = gnu17;
				GENERATE_INFOPLIST_FILE = YES;
				IPHONEOS_DEPLOYMENT_TARGET = 18.4;
				LOCALIZATION_PREFERS_STRING_CATALOGS = YES;
				MARKETING_VERSION = 1.0;
				PRODUCT_BUNDLE_IDENTIFIER = "com.$(unique_id).LoopFollowTests$(app_suffix).Tests";
				PRODUCT_MODULE_NAME = Tests;
				PRODUCT_NAME = "$(TARGET_NAME)";
				SWIFT_EMIT_LOC_STRINGS = NO;
				SWIFT_VERSION = 5.0;
				TARGETED_DEVICE_FAMILY = "1,2";
				TEST_HOST = "$(BUILT_PRODUCTS_DIR)/Loop Follow.app/$(BUNDLE_EXECUTABLE_FOLDER_PATH)/Loop Follow";
			};
			name = Release;
		};
		FC97882B2485969C00A7906C /* Debug */ = {
			isa = XCBuildConfiguration;
			baseConfigurationReference = FC5A5C3C2497B229009C550E /* Config.xcconfig */;
			buildSettings = {
				ALWAYS_SEARCH_USER_PATHS = NO;
				CLANG_ANALYZER_NONNULL = YES;
				CLANG_ANALYZER_NUMBER_OBJECT_CONVERSION = YES_AGGRESSIVE;
				CLANG_CXX_LANGUAGE_STANDARD = "gnu++14";
				CLANG_CXX_LIBRARY = "libc++";
				CLANG_ENABLE_MODULES = YES;
				CLANG_ENABLE_OBJC_ARC = YES;
				CLANG_ENABLE_OBJC_WEAK = YES;
				CLANG_WARN_BLOCK_CAPTURE_AUTORELEASING = YES;
				CLANG_WARN_BOOL_CONVERSION = YES;
				CLANG_WARN_COMMA = YES;
				CLANG_WARN_CONSTANT_CONVERSION = YES;
				CLANG_WARN_DEPRECATED_OBJC_IMPLEMENTATIONS = YES;
				CLANG_WARN_DIRECT_OBJC_ISA_USAGE = YES_ERROR;
				CLANG_WARN_DOCUMENTATION_COMMENTS = YES;
				CLANG_WARN_EMPTY_BODY = YES;
				CLANG_WARN_ENUM_CONVERSION = YES;
				CLANG_WARN_INFINITE_RECURSION = YES;
				CLANG_WARN_INT_CONVERSION = YES;
				CLANG_WARN_NON_LITERAL_NULL_CONVERSION = YES;
				CLANG_WARN_OBJC_IMPLICIT_RETAIN_SELF = YES;
				CLANG_WARN_OBJC_LITERAL_CONVERSION = YES;
				CLANG_WARN_OBJC_ROOT_CLASS = YES_ERROR;
				CLANG_WARN_RANGE_LOOP_ANALYSIS = YES;
				CLANG_WARN_STRICT_PROTOTYPES = YES;
				CLANG_WARN_SUSPICIOUS_MOVE = YES;
				CLANG_WARN_UNGUARDED_AVAILABILITY = YES_AGGRESSIVE;
				CLANG_WARN_UNREACHABLE_CODE = YES;
				CLANG_WARN__DUPLICATE_METHOD_MATCH = YES;
				COPY_PHASE_STRIP = NO;
				DEBUG_INFORMATION_FORMAT = dwarf;
				DEFINES_MODULE = YES;
				ENABLE_STRICT_OBJC_MSGSEND = YES;
				ENABLE_TESTABILITY = YES;
				GCC_C_LANGUAGE_STANDARD = gnu11;
				GCC_DYNAMIC_NO_PIC = NO;
				GCC_NO_COMMON_BLOCKS = YES;
				GCC_OPTIMIZATION_LEVEL = 0;
				GCC_PREPROCESSOR_DEFINITIONS = (
					"DEBUG=1",
					"$(inherited)",
				);
				GCC_WARN_64_TO_32_BIT_CONVERSION = YES;
				GCC_WARN_ABOUT_RETURN_TYPE = YES_ERROR;
				GCC_WARN_UNDECLARED_SELECTOR = YES;
				GCC_WARN_UNINITIALIZED_AUTOS = YES_AGGRESSIVE;
				GCC_WARN_UNUSED_FUNCTION = YES;
				GCC_WARN_UNUSED_VARIABLE = YES;
				IPHONEOS_DEPLOYMENT_TARGET = 15.6;
				MTL_ENABLE_DEBUG_INFO = INCLUDE_SOURCE;
				MTL_FAST_MATH = YES;
				ONLY_ACTIVE_ARCH = YES;
				PRODUCT_MODULE_NAME = LoopFollow;
				SDKROOT = iphoneos;
				SWIFT_ACTIVE_COMPILATION_CONDITIONS = DEBUG;
				SWIFT_OPTIMIZATION_LEVEL = "-Onone";
			};
			name = Debug;
		};
		FC97882C2485969C00A7906C /* Release */ = {
			isa = XCBuildConfiguration;
			baseConfigurationReference = FC5A5C3C2497B229009C550E /* Config.xcconfig */;
			buildSettings = {
				ALWAYS_SEARCH_USER_PATHS = NO;
				CLANG_ANALYZER_NONNULL = YES;
				CLANG_ANALYZER_NUMBER_OBJECT_CONVERSION = YES_AGGRESSIVE;
				CLANG_CXX_LANGUAGE_STANDARD = "gnu++14";
				CLANG_CXX_LIBRARY = "libc++";
				CLANG_ENABLE_MODULES = YES;
				CLANG_ENABLE_OBJC_ARC = YES;
				CLANG_ENABLE_OBJC_WEAK = YES;
				CLANG_WARN_BLOCK_CAPTURE_AUTORELEASING = YES;
				CLANG_WARN_BOOL_CONVERSION = YES;
				CLANG_WARN_COMMA = YES;
				CLANG_WARN_CONSTANT_CONVERSION = YES;
				CLANG_WARN_DEPRECATED_OBJC_IMPLEMENTATIONS = YES;
				CLANG_WARN_DIRECT_OBJC_ISA_USAGE = YES_ERROR;
				CLANG_WARN_DOCUMENTATION_COMMENTS = YES;
				CLANG_WARN_EMPTY_BODY = YES;
				CLANG_WARN_ENUM_CONVERSION = YES;
				CLANG_WARN_INFINITE_RECURSION = YES;
				CLANG_WARN_INT_CONVERSION = YES;
				CLANG_WARN_NON_LITERAL_NULL_CONVERSION = YES;
				CLANG_WARN_OBJC_IMPLICIT_RETAIN_SELF = YES;
				CLANG_WARN_OBJC_LITERAL_CONVERSION = YES;
				CLANG_WARN_OBJC_ROOT_CLASS = YES_ERROR;
				CLANG_WARN_RANGE_LOOP_ANALYSIS = YES;
				CLANG_WARN_STRICT_PROTOTYPES = YES;
				CLANG_WARN_SUSPICIOUS_MOVE = YES;
				CLANG_WARN_UNGUARDED_AVAILABILITY = YES_AGGRESSIVE;
				CLANG_WARN_UNREACHABLE_CODE = YES;
				CLANG_WARN__DUPLICATE_METHOD_MATCH = YES;
				COPY_PHASE_STRIP = NO;
				DEBUG_INFORMATION_FORMAT = "dwarf-with-dsym";
				DEFINES_MODULE = YES;
				ENABLE_NS_ASSERTIONS = NO;
				ENABLE_STRICT_OBJC_MSGSEND = YES;
				GCC_C_LANGUAGE_STANDARD = gnu11;
				GCC_NO_COMMON_BLOCKS = YES;
				GCC_WARN_64_TO_32_BIT_CONVERSION = YES;
				GCC_WARN_ABOUT_RETURN_TYPE = YES_ERROR;
				GCC_WARN_UNDECLARED_SELECTOR = YES;
				GCC_WARN_UNINITIALIZED_AUTOS = YES_AGGRESSIVE;
				GCC_WARN_UNUSED_FUNCTION = YES;
				GCC_WARN_UNUSED_VARIABLE = YES;
				IPHONEOS_DEPLOYMENT_TARGET = 15.6;
				MTL_ENABLE_DEBUG_INFO = NO;
				MTL_FAST_MATH = YES;
				PRODUCT_MODULE_NAME = LoopFollow;
				SDKROOT = iphoneos;
				SWIFT_COMPILATION_MODE = wholemodule;
				SWIFT_OPTIMIZATION_LEVEL = "-O";
				VALIDATE_PRODUCT = YES;
			};
			name = Release;
		};
		FC97882E2485969C00A7906C /* Debug */ = {
			isa = XCBuildConfiguration;
			baseConfigurationReference = ECA3EFB4037410B4973BB632 /* Pods-LoopFollow.debug.xcconfig */;
			buildSettings = {
				ASSETCATALOG_COMPILER_APPICON_NAME = AppIcon;
				ASSETCATALOG_COMPILER_INCLUDE_ALL_APPICON_ASSETS = YES;
				CODE_SIGN_ENTITLEMENTS = "LoopFollow/Loop Follow.entitlements";
				CODE_SIGN_STYLE = Automatic;
				DEFINES_MODULE = YES;
				DEVELOPMENT_TEAM = "$(LF_DEVELOPMENT_TEAM)";
				INFOPLIST_FILE = LoopFollow/Info.plist;
				IPHONEOS_DEPLOYMENT_TARGET = 18.0;
				LD_RUNPATH_SEARCH_PATHS = (
					"$(inherited)",
					"@executable_path/Frameworks",
				);
				PRODUCT_BUNDLE_IDENTIFIER = "com.$(unique_id).LoopFollow$(app_suffix)";
				PRODUCT_NAME = "Loop Follow";
				SUPPORTED_PLATFORMS = "iphoneos iphonesimulator";
				SUPPORTS_MACCATALYST = YES;
				SWIFT_VERSION = 5.0;
				TARGETED_DEVICE_FAMILY = "1,2";
			};
			name = Debug;
		};
		FC97882F2485969C00A7906C /* Release */ = {
			isa = XCBuildConfiguration;
			baseConfigurationReference = 059B0FA59AABFE72FE13DDDA /* Pods-LoopFollow.release.xcconfig */;
			buildSettings = {
				ASSETCATALOG_COMPILER_APPICON_NAME = AppIcon;
				ASSETCATALOG_COMPILER_INCLUDE_ALL_APPICON_ASSETS = YES;
				CODE_SIGN_ENTITLEMENTS = "LoopFollow/Loop Follow.entitlements";
				CODE_SIGN_STYLE = Automatic;
				DEFINES_MODULE = YES;
				DEVELOPMENT_TEAM = "$(LF_DEVELOPMENT_TEAM)";
				INFOPLIST_FILE = LoopFollow/Info.plist;
				IPHONEOS_DEPLOYMENT_TARGET = 18.0;
				LD_RUNPATH_SEARCH_PATHS = (
					"$(inherited)",
					"@executable_path/Frameworks",
				);
				PRODUCT_BUNDLE_IDENTIFIER = "com.$(unique_id).LoopFollow$(app_suffix)";
				PRODUCT_NAME = "Loop Follow";
				SUPPORTED_PLATFORMS = "iphoneos iphonesimulator";
				SUPPORTS_MACCATALYST = YES;
				SWIFT_VERSION = 5.0;
				TARGETED_DEVICE_FAMILY = "1,2";
			};
			name = Release;
		};
/* End XCBuildConfiguration section */

/* Begin XCConfigurationList section */
		37A4BDEA2F5B6B4C00EEB289 /* Build configuration list for PBXNativeTarget "LoopFollowLAExtensionExtension" */ = {
			isa = XCConfigurationList;
			buildConfigurations = (
				37A4BDEB2F5B6B4C00EEB289 /* Debug */,
				37A4BDEC2F5B6B4C00EEB289 /* Release */,
			);
			defaultConfigurationIsVisible = 0;
			defaultConfigurationName = Release;
		};
		DDCC3ADC2DDE1790006F1C10 /* Build configuration list for PBXNativeTarget "Tests" */ = {
			isa = XCConfigurationList;
			buildConfigurations = (
				DDCC3ADD2DDE1790006F1C10 /* Debug */,
				DDCC3ADE2DDE1790006F1C10 /* Release */,
			);
			defaultConfigurationIsVisible = 0;
			defaultConfigurationName = Release;
		};
		FC97880F2485969B00A7906C /* Build configuration list for PBXProject "LoopFollow" */ = {
			isa = XCConfigurationList;
			buildConfigurations = (
				FC97882B2485969C00A7906C /* Debug */,
				FC97882C2485969C00A7906C /* Release */,
			);
			defaultConfigurationIsVisible = 0;
			defaultConfigurationName = Release;
		};
		FC97882D2485969C00A7906C /* Build configuration list for PBXNativeTarget "LoopFollow" */ = {
			isa = XCConfigurationList;
			buildConfigurations = (
				FC97882E2485969C00A7906C /* Debug */,
				FC97882F2485969C00A7906C /* Release */,
			);
			defaultConfigurationIsVisible = 0;
			defaultConfigurationName = Release;
		};
/* End XCConfigurationList section */

/* Begin XCRemoteSwiftPackageReference section */
		DD50C10A2F60A00000000002 /* XCRemoteSwiftPackageReference "socket.io-client-swift" */ = {
			isa = XCRemoteSwiftPackageReference;
			repositoryURL = "https://github.com/socketio/socket.io-client-swift";
			requirement = {
				kind = upToNextMajorVersion;
				minimumVersion = 16.1.1;
			};
		};
/* End XCRemoteSwiftPackageReference section */

/* Begin XCSwiftPackageProductDependency section */
		DD50C10A2F60A00000000003 /* SocketIO */ = {
			isa = XCSwiftPackageProductDependency;
			package = DD50C10A2F60A00000000002 /* XCRemoteSwiftPackageReference "socket.io-client-swift" */;
			productName = SocketIO;
		};
/* End XCSwiftPackageProductDependency section */
	};
	rootObject = FC97880C2485969B00A7906C /* Project object */;
}
